version = 1
revision = 3
requires-python = ">=3.13"

[[package]]
name = "barcode-generator"
version = "0.1.0"
source = { virtual = "." }
dependencies = [
    { name = "python-barcode" },
]

[package.metadata]
requires-dist = [{ name = "python-barcode", specifier = ">=0.16.1" }]

[[package]]
name = "python-barcode"
version = "0.16.1"
source = { registry = "https://pypi.org/simple" }
sdist = { url = "https://files.pythonhosted.org/packages/0e/f2/4c0b07f100e1e184ba682021322c336bbba6aa7adfabd2616f70eff917d9/python_barcode-0.16.1.tar.gz", hash = "sha256:665ed09516b0088b5593061c5ac8662caa0b08d56bdad328388b1cab39939ac5", size = 233777, upload-time = "2025-08-27T11:05:45.614Z" }
wheels = [
    { url = "https://files.pythonhosted.org/packages/b2/34/810885dca784b02e5ad0f71ced9c06ba5e9d33a6493bc886f7470ce82a39/python_barcode-0.16.1-py3-none-any.whl", hash = "sha256:5776567478c9a0dae473374bb86631ba0b5ea99aaf302763b364e367ac51f367", size = 228046, upload-time = "2025-08-27T11:05:42.776Z" },
]
