version = 1
revision = 3
requires-python = "==3.13.*"

[[package]]
name = "easy-video-player"
version = "0.1.0"
source = { virtual = "." }
dependencies = [
    { name = "ffpyplayer" },
    { name = "opencv-python" },
]

[package.metadata]
requires-dist = [
    { name = "ffpyplayer", specifier = ">=4.5.3" },
    { name = "opencv-python", specifier = ">=5.0.0.93" },
]

[[package]]
name = "ffpyplayer"
version = "4.5.3"
source = { registry = "https://pypi.org/simple" }
sdist = { url = "https://files.pythonhosted.org/packages/8a/04/bbb7a314c526d1aa055057c243de36ebce8d2828dabe1f2b96a9e3c53157/ffpyplayer-4.5.3.tar.gz", hash = "sha256:8b9623e04997ba7bbf5476313aa8d9eae2665c65f403b5deff4ac51f16155e7e", size = 89089, upload-time = "2025-06-11T02:14:10.525Z" }
wheels = [
    { url = "https://files.pythonhosted.org/packages/1f/70/1f3d79162dffd0832d092756fb5bf36f6e91ea11a8c5f9c58d4ab0b11daf/ffpyplayer-4.5.3-cp313-cp313-macosx_10_13_universal2.whl", hash = "sha256:441888f42b76dbd7c3005f44d7145f713a1d8ce23351bbc480b9fa05e4662afb", size = 38304193, upload-time = "2025-06-11T03:09:14.358Z" },
    { url = "https://files.pythonhosted.org/packages/ad/ad/42ef5792179d57b8a70e0129bdb41a741ed0865bf0ddb134c34dfe89b630/ffpyplayer-4.5.3-cp313-cp313-macosx_10_13_x86_64.whl", hash = "sha256:549151bb125c9f2a6d7ebddf62290459a1624cf1a9562e78ff07ead537fdbbae", size = 20321309, upload-time = "2025-06-11T03:09:18.496Z" },
    { url = "https://files.pythonhosted.org/packages/39/58/aa5a1e54e371d70f05c84d4f25a7fd19efd791a9b71d18fafee48756a67d/ffpyplayer-4.5.3-cp313-cp313-macosx_11_0_arm64.whl", hash = "sha256:50917a4b25fd648ed76991d1703cd5940bcce9b3b0e824108483b2f4fce244f9", size = 18066417, upload-time = "2025-06-11T03:09:20.804Z" },
    { url = "https://files.pythonhosted.org/packages/bf/62/8bd52cce95d8844208003c8141cf945861249fef6349e2576dc00378013f/ffpyplayer-4.5.3-cp313-cp313-manylinux_2_17_aarch64.manylinux2014_aarch64.whl", hash = "sha256:3e012cc1c943570009fad024a675bdf43b31e8e1d0c0709715e611bdf5ab3959", size = 28053629, upload-time = "2025-06-11T02:46:48.52Z" },
    { url = "https://files.pythonhosted.org/packages/e2/ab/2fc7817e12e0498a17b3fd86710ff32252df73e32cce8cbb5c4780063875/ffpyplayer-4.5.3-cp313-cp313-manylinux_2_17_x86_64.manylinux2014_x86_64.whl", hash = "sha256:586b04cd59b1bc3a759d9772de281172480e166778693474249ae1e1254a427f", size = 29933608, upload-time = "2025-06-11T02:49:07.319Z" },
    { url = "https://files.pythonhosted.org/packages/98/c3/6ee450f9a27be85be648f46b38997b3942f513e14c0959cd203ab11bacf0/ffpyplayer-4.5.3-cp313-cp313-win_amd64.whl", hash = "sha256:2dc1dc9dc6fddc7812c8451e14544aa01ecdaaee8c2ca705187925c3ff75d12d", size = 61009190, upload-time = "2025-06-11T02:14:07.227Z" },
]

[[package]]
name = "numpy"
version = "2.5.3"
source = { registry = "https://pypi.org/simple" }
sdist = { url = "https://files.pythonhosted.org/packages/13/01/11703282db468b85f6f7b8c7f22d058de5970d5c7e60a3a8aaa313c3de36/numpy-2.5.3.tar.gz", hash = "sha256:df2d5874ff183595a4ba404edd04f6bd9b5505c1d7708573f6a6c17489a67563", size = 20791231, upload-time = "2026-09-06T16:27:47.073Z" }
wheels = [
    { url = "https://files.pythonhosted.org/packages/79/e5/8fb89cd46d14e35699d13bf943a5f5f441ecee8667120a1f6105ab89e349/numpy-2.5.3-cp313-cp313-macosx_10_13_x86_64.whl", hash = "sha256:66a78fe4556c60aceda5916f9eacd638b18e9e681016ec302dcb4682d6d4d034", size = 16991061, upload-time = "2026-09-06T16:25:00.411Z" },
    { url = "https://files.pythonhosted.org/packages/2f/06/9dc9e48b5e5e941c8b10350c5ff2d721da42a20517d911d15544246775ff/numpy-2.5.3-cp313-cp313-macosx_11_0_arm64.whl", hash = "sha256:92f30e89b8ee0ecf363033576c422b2f58fed6a80bed0aa48dff6d14c654663e", size = 12003676, upload-time = "2026-09-06T16:25:03.475Z" },
    { url = "https://files.pythonhosted.org/packages/ab/2a/98282aa5b8f58b1157d440bb6282eed47e3632a5de53a714fbab17e659fe/numpy-2.5.3-cp313-cp313-macosx_14_0_arm64.whl", hash = "sha256:f9a2353b37a1a9e78fd82b27ad7e2a32a2d036604d18f02b05e3136c62ca3b09", size = 5439695, upload-time = "2026-09-06T16:25:05.978Z" },
    { url = "https://files.pythonhosted.org/packages/a1/f9/b6533d777be9d6ffd29dc1be0867e563e6e8cc9a220ff1b716adc317f060/numpy-2.5.3-cp313-cp313-macosx_14_0_x86_64.whl", hash = "sha256:ccbc4665079665c3cf3bab4db9f6b095370cd6437d66be549b6c2a1fd19e1958", size = 6779395, upload-time = "2026-09-06T16:25:08.599Z" },
    { url = "https://files.pythonhosted.org/packages/73/85/735720d04ec197c5dcfacdfc9922667c7f1f5f496a279b7ba4d7c74c4cc7/numpy-2.5.3-cp313-cp313-manylinux_2_27_aarch64.manylinux_2_28_aarch64.whl", hash = "sha256:c76d5dde9f445058f83d0c02af00557a4db91de9a9a57c0df87d1535001d654b", size = 15681750, upload-time = "2026-09-06T16:25:11.173Z" },
    { url = "https://files.pythonhosted.org/packages/3a/1b/3b16a9bc514a440a7a0883684111dcb1ef1aee960af2ca95da8fc775f124/numpy-2.5.3-cp313-cp313-manylinux_2_27_x86_64.manylinux_2_28_x86_64.whl", hash = "sha256:a5fa86b80fd24bcd1aff83ad23be44ea323de3f787be8f8b15d4a65621e25321", size = 16708577, upload-time = "2026-09-06T16:25:14.171Z" },
    { url = "https://files.pythonhosted.org/packages/69/c4/386f397831b07328b639c96c5b62719346cf4baf07c68d927239752b1534/numpy-2.5.3-cp313-cp313-musllinux_1_2_aarch64.whl", hash = "sha256:bd4cb9ad3c7889b9b3fe0a9a9fb5d2ed26f9879bff2608d9f01aed147a20d231", size = 17042047, upload-time = "2026-09-06T16:25:17.582Z" },
    { url = "https://files.pythonhosted.org/packages/5f/3e/a700ecbf36e85ae8328fd3b0e12eeddc22ed6358a64cb2bd913e0d195d65/numpy-2.5.3-cp313-cp313-musllinux_1_2_x86_64.whl", hash = "sha256:1302b90c0e52281681b2975adfe8a860cb7b12216a27b4b0b4207c44bf7bccf0", size = 18465724, upload-time = "2026-09-06T16:25:20.949Z" },
    { url = "https://files.pythonhosted.org/packages/41/ee/38e785e88a4045f6ad1d1f2808dcdfafdca48c760260c0587bf171e29fc9/numpy-2.5.3-cp313-cp313-win32.whl", hash = "sha256:1c80eabb4035ecf4ca9cd49cde8a9fdd69a729e63e6474887d1523ade7aa277f", size = 6129003, upload-time = "2026-09-06T16:25:23.664Z" },
    { url = "https://files.pythonhosted.org/packages/f3/ec/100f2b1794ede74a9b3d7ec6b9736927f56713414c1dfe19ab6c383494bf/numpy-2.5.3-cp313-cp313-win_amd64.whl", hash = "sha256:71cad2b2a7451ab79d8f5e71b453485b6775963d5cf794179144a7463fe6e8ec", size = 12560965, upload-time = "2026-09-06T16:25:26.602Z" },
    { url = "https://files.pythonhosted.org/packages/80/b1/7dc825ca94c12acebbce4c37caa5e198695eb31424bc579679f32b1bb49d/numpy-2.5.3-cp313-cp313-win_arm64.whl", hash = "sha256:8e4dd766076855b5ff7ea52fa5f07ce26286726e0f8bff446b7739d02e6ea204", size = 10482343, upload-time = "2026-09-06T16:25:29.772Z" },
]

[[package]]
name = "opencv-python"
version = "5.0.0.93"
source = { registry = "https://pypi.org/simple" }
dependencies = [
    { name = "numpy" },
]
sdist = { url = "https://files.pythonhosted.org/packages/79/4c/a438d23e09ce2033c09f7b784ad2fbdb0adf529e434101ed28f142226f98/opencv_python-5.0.0.93.tar.gz", hash = "sha256:66aac3e5b5faa48d4025816592f3af19e4bfc2c68dec067bae2dbb4ca10aa9e2", size = 81802749, upload-time = "2026-07-02T06:59:53.815Z" }
wheels = [
    { url = "https://files.pythonhosted.org/packages/9c/75/76f6ade78f6102c61034f828e2a22616708df2c9504bc8d6af9dd8f73dc5/opencv_python-5.0.0.93-cp37-abi3-macosx_13_0_arm64.whl", hash = "sha256:198a75138241810206a17c829dbcc40a7cb1841cda538ca86cbbfc6c7d95f898", size = 48322443, upload-time = "2026-07-02T05:50:25.466Z" },
    { url = "https://files.pythonhosted.org/packages/15/8c/bc1bda6aae69a32e9d84fc34153ba104cd25226861eb4aea33b2cea4860d/opencv_python-5.0.0.93-cp37-abi3-macosx_14_0_x86_64.whl", hash = "sha256:6bbc32f59e1b1a7db7b39c81f63d00625f041d333037fd8702f6da52cc39108b", size = 34782755, upload-time = "2026-07-02T05:51:30.556Z" },
    { url = "https://files.pythonhosted.org/packages/f4/8a/b04776ec45d2dea08a1b176f1829201db3515d4ed16c35f8fcc9fa7beb16/opencv_python-5.0.0.93-cp37-abi3-manylinux2014_aarch64.manylinux_2_17_aarch64.whl", hash = "sha256:e2b4272e736836f66c2d176e43ab8101f3a00d45654916399f52e150c58981ac", size = 50614064, upload-time = "2026-07-02T06:53:22.604Z" },
    { url = "https://files.pythonhosted.org/packages/95/54/eb47866b94f2b5b42dde17644b78055ef1ee05aae59962c7290e55270803/opencv_python-5.0.0.93-cp37-abi3-manylinux2014_x86_64.manylinux_2_17_x86_64.whl", hash = "sha256:f8b6d0a212253dd26ad338c812f1f23ca118fdf05a9c8c6b9444f161aa8c5881", size = 71064711, upload-time = "2026-07-02T06:54:13.148Z" },
    { url = "https://files.pythonhosted.org/packages/93/da/962579f1e703cbf8c5422fd1f576467dcb3b5b0b0b81c1471c979764353a/opencv_python-5.0.0.93-cp37-abi3-manylinux_2_28_aarch64.whl", hash = "sha256:08d5d91d967b58d6db86073b2ad3eaef88ca4ebdfd45c9059bf59f5ded0c7ad2", size = 49798576, upload-time = "2026-07-02T06:54:33.781Z" },
    { url = "https://files.pythonhosted.org/packages/cf/4c/c73f828fdbcd37eaf21d08fa852544a3ca7c2dbb3ea76873d64f2ea413d1/opencv_python-5.0.0.93-cp37-abi3-manylinux_2_28_x86_64.whl", hash = "sha256:c8de2dec111122a02e8beb28e16c31904992dfd6186560b142a92c71403c1039", size = 73783032, upload-time = "2026-07-02T06:55:03.415Z" },
    { url = "https://files.pythonhosted.org/packages/e2/4b/edaf83b996ca5a1a3d8ccad485706b9c6d4742b13b9c4586bf1c1e7d9423/opencv_python-5.0.0.93-cp37-abi3-win32.whl", hash = "sha256:4b4b1a34c79bf8d3738e3cfe9a9e67b51a79663f6b692cbdad8c31f570da4157", size = 35564734, upload-time = "2026-07-02T05:49:57.704Z" },
    { url = "https://files.pythonhosted.org/packages/21/f0/9fa6e85cb10c8eb36a0222d27e50fe381b86ce49a55446bf39f491727564/opencv_python-5.0.0.93-cp37-abi3-win_amd64.whl", hash = "sha256:f90ba04b8f73bc5c3814037699739f0156f597338a98f05956c684e7c3ca10d2", size = 44000345, upload-time = "2026-07-02T05:49:54.971Z" },
]
